
Microsoft Visual Studio Solution File, Format Version 12.00
# Visual Studio Version 17
VisualStudioVersion = 17.0.31903.59
MinimumVisualStudioVersion = 10.0.40219.1
Project("{2150E333-8FDC-42A3-9474-1A3956D46DE8}") = "src", "src", "{827E0CD3-B72D-47B6-A68D-7590B98EB39B}"
EndProject
Project("{2150E333-8FDC-42A3-9474-1A3956D46DE8}") = "Bff", "Bff", "{B5512AA7-7B9B-1802-74DB-5DED17EB80F5}"
EndProject
Project("{FAE04EC0-301F-11D3-BF4B-00C04F79EFBC}") = "WcPredictions.Bff", "src\Bff\WcPredictions.Bff.csproj", "{ED910CFC-493F-496C-892F-F84E2F95141F}"
EndProject
Project("{FAE04EC0-301F-11D3-BF4B-00C04F79EFBC}") = "WcPredictions.Data", "src\Data\WcPredictions.Data.csproj", "{81F37F31-1BC9-4038-A884-59D7E0267DA3}"
EndProject
Project("{FAE04EC0-301F-11D3-BF4B-00C04F79EFBC}") = "WcPredictions.Ingestion", "src\Ingestion\WcPredictions.Ingestion.csproj", "{F2EA5837-2BBE-435B-BB9B-6D263ED1C34D}"
EndProject
Project("{FAE04EC0-301F-11D3-BF4B-00C04F79EFBC}") = "WcPredictions.LlmGateway", "src\LlmGateway\WcPredictions.LlmGateway.csproj", "{63569F1A-82E1-4F7A-AF3B-E7A4DE87B1B3}"
EndProject
Project("{FAE04EC0-301F-11D3-BF4B-00C04F79EFBC}") = "WcPredictions.PredictionEngine", "src\PredictionEngine\WcPredictions.PredictionEngine.csproj", "{BDCCD70D-A551-47E1-905A-FF8A1D44DAF9}"
EndProject
Project("{FAE04EC0-301F-11D3-BF4B-00C04F79EFBC}") = "WcPredictions.UrlFetcher", "src\UrlFetcher\WcPredictions.UrlFetcher.csproj", "{0AC4C5BC-432D-4315-8EBA-5F528D0040AC}"
EndProject
Project("{FAE04EC0-301F-11D3-BF4B-00C04F79EFBC}") = "WcPredictions.AppHost", "WcPredictions.AppHost\WcPredictions.AppHost.csproj", "{C2D1235F-9CC3-4758-8D35-E5EF64241A52}"
EndProject
Project("{2150E333-8FDC-42A3-9474-1A3956D46DE8}") = "ServiceDefaults", "ServiceDefaults", "{5FC1494C-0D8C-79D1-FFF2-37E95F57AB9F}"
EndProject
Project("{FAE04EC0-301F-11D3-BF4B-00C04F79EFBC}") = "WcPredictions.ServiceDefaults", "src\ServiceDefaults\WcPredictions.ServiceDefaults.csproj", "{951F8287-15F8-445D-842B-88AD1C86AB9B}"
EndProject
Project("{2150E333-8FDC-42A3-9474-1A3956D46DE8}") = "tests", "tests", "{0AB3BF05-4346-4AA6-1389-037BE0695223}"
EndProject
Project("{FAE04EC0-301F-11D3-BF4B-00C04F79EFBC}") = "WcPredictions.Ingestion.Tests", "tests\WcPredictions.Ingestion.Tests\WcPredictions.Ingestion.Tests.csproj", "{587217F8-2386-48BE-A6CA-A28BBDC1BDD0}"
EndProject
Project("{FAE04EC0-301F-11D3-BF4B-00C04F79EFBC}") = "WcPredictions.PredictionEngine.Tests", "tests\WcPredictions.PredictionEngine.Tests\WcPredictions.PredictionEngine.Tests.csproj", "{8F328DB0-F709-4359-906A-C14245FBF129}"
EndProject
Project("{FAE04EC0-301F-11D3-BF4B-00C04F79EFBC}") = "WcPredictions.Bff.Tests", "tests\WcPredictions.Bff.Tests\WcPredictions.Bff.Tests.csproj", "{54E6C382-9071-43F9-81B5-66CA882CA691}"
EndProject
Project("{2150E333-8FDC-42A3-9474-1A3956D46DE8}") = "Data", "Data", "{58A5B24B-8FB4-5A6E-5EF4-1E3E19F29B1B}"
EndProject
Global
	GlobalSection(SolutionConfigurationPlatforms) = preSolution
		Debug|Any CPU = Debug|Any CPU
		Debug|x64 = Debug|x64
		Debug|x86 = Debug|x86
		Release|Any CPU = Release|Any CPU
		Release|x64 = Release|x64
		Release|x86 = Release|x86
	EndGlobalSection
	GlobalSection(ProjectConfigurationPlatforms) = postSolution
		{ED910CFC-493F-496C-892F-F84E2F95141F}.Debug|Any CPU.ActiveCfg = Debug|Any CPU
		{ED910CFC-493F-496C-892F-F84E2F95141F}.Debug|Any CPU.Build.0 = Debug|Any CPU
		{ED910CFC-493F-496C-892F-F84E2F95141F}.Debug|x64.ActiveCfg = Debug|Any CPU
		{ED910CFC-493F-496C-892F-F84E2F95141F}.Debug|x64.Build.0 = Debug|Any CPU
		{ED910CFC-493F-496C-892F-F84E2F95141F}.Debug|x86.ActiveCfg = Debug|Any CPU
		{ED910CFC-493F-496C-892F-F84E2F95141F}.Debug|x86.Build.0 = Debug|Any CPU
		{ED910CFC-493F-496C-892F-F84E2F95141F}.Release|Any CPU.ActiveCfg = Release|Any CPU
		{ED910CFC-493F-496C-892F-F84E2F95141F}.Release|Any CPU.Build.0 = Release|Any CPU
		{ED910CFC-493F-496C-892F-F84E2F95141F}.Release|x64.ActiveCfg = Release|Any CPU
		{ED910CFC-493F-496C-892F-F84E2F95141F}.Release|x64.Build.0 = Release|Any CPU
		{ED910CFC-493F-496C-892F-F84E2F95141F}.Release|x86.ActiveCfg = Release|Any CPU
		{ED910CFC-493F-496C-892F-F84E2F95141F}.Release|x86.Build.0 = Release|Any CPU
		{81F37F31-1BC9-4038-A884-59D7E0267DA3}.Debug|Any CPU.ActiveCfg = Debug|Any CPU
		{81F37F31-1BC9-4038-A884-59D7E0267DA3}.Debug|Any CPU.Build.0 = Debug|Any CPU
		{81F37F31-1BC9-4038-A884-59D7E0267DA3}.Debug|x64.ActiveCfg = Debug|Any CPU
		{81F37F31-1BC9-4038-A884-59D7E0267DA3}.Debug|x64.Build.0 = Debug|Any CPU
		{81F37F31-1BC9-4038-A884-59D7E0267DA3}.Debug|x86.ActiveCfg = Debug|Any CPU
		{81F37F31-1BC9-4038-A884-59D7E0267DA3}.Debug|x86.Build.0 = Debug|Any CPU
		{81F37F31-1BC9-4038-A884-59D7E0267DA3}.Release|Any CPU.ActiveCfg = Release|Any CPU
		{81F37F31-1BC9-4038-A884-59D7E0267DA3}.Release|Any CPU.Build.0 = Release|Any CPU
		{81F37F31-1BC9-4038-A884-59D7E0267DA3}.Release|x64.ActiveCfg = Release|Any CPU
		{81F37F31-1BC9-4038-A884-59D7E0267DA3}.Release|x64.Build.0 = Release|Any CPU
		{81F37F31-1BC9-4038-A884-59D7E0267DA3}.Release|x86.ActiveCfg = Release|Any CPU
		{81F37F31-1BC9-4038-A884-59D7E0267DA3}.Release|x86.Build.0 = Release|Any CPU
		{F2EA5837-2BBE-435B-BB9B-6D263ED1C34D}.Debug|Any CPU.ActiveCfg = Debug|Any CPU
		{F2EA5837-2BBE-435B-BB9B-6D263ED1C34D}.Debug|Any CPU.Build.0 = Debug|Any CPU
		{F2EA5837-2BBE-435B-BB9B-6D263ED1C34D}.Debug|x64.ActiveCfg = Debug|Any CPU
		{F2EA5837-2BBE-435B-BB9B-6D263ED1C34D}.Debug|x64.Build.0 = Debug|Any CPU
		{F2EA5837-2BBE-435B-BB9B-6D263ED1C34D}.Debug|x86.ActiveCfg = Debug|Any CPU
		{F2EA5837-2BBE-435B-BB9B-6D263ED1C34D}.Debug|x86.Build.0 = Debug|Any CPU
		{F2EA5837-2BBE-435B-BB9B-6D263ED1C34D}.Release|Any CPU.ActiveCfg = Release|Any CPU
		{F2EA5837-2BBE-435B-BB9B-6D263ED1C34D}.Release|Any CPU.Build.0 = Release|Any CPU
		{F2EA5837-2BBE-435B-BB9B-6D263ED1C34D}.Release|x64.ActiveCfg = Release|Any CPU
		{F2EA5837-2BBE-435B-BB9B-6D263ED1C34D}.Release|x64.Build.0 = Release|Any CPU
		{F2EA5837-2BBE-435B-BB9B-6D263ED1C34D}.Release|x86.ActiveCfg = Release|Any CPU
		{F2EA5837-2BBE-435B-BB9B-6D263ED1C34D}.Release|x86.Build.0 = Release|Any CPU
		{63569F1A-82E1-4F7A-AF3B-E7A4DE87B1B3}.Debug|Any CPU.ActiveCfg = Debug|Any CPU
		{63569F1A-82E1-4F7A-AF3B-E7A4DE87B1B3}.Debug|Any CPU.Build.0 = Debug|Any CPU
		{63569F1A-82E1-4F7A-AF3B-E7A4DE87B1B3}.Debug|x64.ActiveCfg = Debug|Any CPU
		{63569F1A-82E1-4F7A-AF3B-E7A4DE87B1B3}.Debug|x64.Build.0 = Debug|Any CPU
		{63569F1A-82E1-4F7A-AF3B-E7A4DE87B1B3}.Debug|x86.ActiveCfg = Debug|Any CPU
		{63569F1A-82E1-4F7A-AF3B-E7A4DE87B1B3}.Debug|x86.Build.0 = Debug|Any CPU
		{63569F1A-82E1-4F7A-AF3B-E7A4DE87B1B3}.Release|Any CPU.ActiveCfg = Release|Any CPU
		{63569F1A-82E1-4F7A-AF3B-E7A4DE87B1B3}.Release|Any CPU.Build.0 = Release|Any CPU
		{63569F1A-82E1-4F7A-AF3B-E7A4DE87B1B3}.Release|x64.ActiveCfg = Release|Any CPU
		{63569F1A-82E1-4F7A-AF3B-E7A4DE87B1B3}.Release|x64.Build.0 = Release|Any CPU
		{63569F1A-82E1-4F7A-AF3B-E7A4DE87B1B3}.Release|x86.ActiveCfg = Release|Any CPU
		{63569F1A-82E1-4F7A-AF3B-E7A4DE87B1B3}.Release|x86.Build.0 = Release|Any CPU
		{BDCCD70D-A551-47E1-905A-FF8A1D44DAF9}.Debug|Any CPU.ActiveCfg = Debug|Any CPU
		{BDCCD70D-A551-47E1-905A-FF8A1D44DAF9}.Debug|Any CPU.Build.0 = Debug|Any CPU
		{BDCCD70D-A551-47E1-905A-FF8A1D44DAF9}.Debug|x64.ActiveCfg = Debug|Any CPU
		{BDCCD70D-A551-47E1-905A-FF8A1D44DAF9}.Debug|x64.Build.0 = Debug|Any CPU
		{BDCCD70D-A551-47E1-905A-FF8A1D44DAF9}.Debug|x86.ActiveCfg = Debug|Any CPU
		{BDCCD70D-A551-47E1-905A-FF8A1D44DAF9}.Debug|x86.Build.0 = Debug|Any CPU
		{BDCCD70D-A551-47E1-905A-FF8A1D44DAF9}.Release|Any CPU.ActiveCfg = Release|Any CPU
		{BDCCD70D-A551-47E1-905A-FF8A1D44DAF9}.Release|Any CPU.Build.0 = Release|Any CPU
		{BDCCD70D-A551-47E1-905A-FF8A1D44DAF9}.Release|x64.ActiveCfg = Release|Any CPU
		{BDCCD70D-A551-47E1-905A-FF8A1D44DAF9}.Release|x64.Build.0 = Release|Any CPU
		{BDCCD70D-A551-47E1-905A-FF8A1D44DAF9}.Release|x86.ActiveCfg = Release|Any CPU
		{BDCCD70D-A551-47E1-905A-FF8A1D44DAF9}.Release|x86.Build.0 = Release|Any CPU
		{0AC4C5BC-432D-4315-8EBA-5F528D0040AC}.Debug|Any CPU.ActiveCfg = Debug|Any CPU
		{0AC4C5BC-432D-4315-8EBA-5F528D0040AC}.Debug|Any CPU.Build.0 = Debug|Any CPU
		{0AC4C5BC-432D-4315-8EBA-5F528D0040AC}.Debug|x64.ActiveCfg = Debug|Any CPU
		{0AC4C5BC-432D-4315-8EBA-5F528D0040AC}.Debug|x64.Build.0 = Debug|Any CPU
		{0AC4C5BC-432D-4315-8EBA-5F528D0040AC}.Debug|x86.ActiveCfg = Debug|Any CPU
		{0AC4C5BC-432D-4315-8EBA-5F528D0040AC}.Debug|x86.Build.0 = Debug|Any CPU
		{0AC4C5BC-432D-4315-8EBA-5F528D0040AC}.Release|Any CPU.ActiveCfg = Release|Any CPU
		{0AC4C5BC-432D-4315-8EBA-5F528D0040AC}.Release|Any CPU.Build.0 = Release|Any CPU
		{0AC4C5BC-432D-4315-8EBA-5F528D0040AC}.Release|x64.ActiveCfg = Release|Any CPU
		{0AC4C5BC-432D-4315-8EBA-5F528D0040AC}.Release|x64.Build.0 = Release|Any CPU
		{0AC4C5BC-432D-4315-8EBA-5F528D0040AC}.Release|x86.ActiveCfg = Release|Any CPU
		{0AC4C5BC-432D-4315-8EBA-5F528D0040AC}.Release|x86.Build.0 = Release|Any CPU
		{C2D1235F-9CC3-4758-8D35-E5EF64241A52}.Debug|Any CPU.ActiveCfg = Debug|Any CPU
		{C2D1235F-9CC3-4758-8D35-E5EF64241A52}.Debug|Any CPU.Build.0 = Debug|Any CPU
		{C2D1235F-9CC3-4758-8D35-E5EF64241A52}.Debug|x64.ActiveCfg = Debug|Any CPU
		{C2D1235F-9CC3-4758-8D35-E5EF64241A52}.Debug|x64.Build.0 = Debug|Any CPU
		{C2D1235F-9CC3-4758-8D35-E5EF64241A52}.Debug|x86.ActiveCfg = Debug|Any CPU
		{C2D1235F-9CC3-4758-8D35-E5EF64241A52}.Debug|x86.Build.0 = Debug|Any CPU
		{C2D1235F-9CC3-4758-8D35-E5EF64241A52}.Release|Any CPU.ActiveCfg = Release|Any CPU
		{C2D1235F-9CC3-4758-8D35-E5EF64241A52}.Release|Any CPU.Build.0 = Release|Any CPU
		{C2D1235F-9CC3-4758-8D35-E5EF64241A52}.Release|x64.ActiveCfg = Release|Any CPU
		{C2D1235F-9CC3-4758-8D35-E5EF64241A52}.Release|x64.Build.0 = Release|Any CPU
		{C2D1235F-9CC3-4758-8D35-E5EF64241A52}.Release|x86.ActiveCfg = Release|Any CPU
		{C2D1235F-9CC3-4758-8D35-E5EF64241A52}.Release|x86.Build.0 = Release|Any CPU
		{951F8287-15F8-445D-842B-88AD1C86AB9B}.Debug|Any CPU.ActiveCfg = Debug|Any CPU
		{951F8287-15F8-445D-842B-88AD1C86AB9B}.Debug|Any CPU.Build.0 = Debug|Any CPU
		{951F8287-15F8-445D-842B-88AD1C86AB9B}.Debug|x64.ActiveCfg = Debug|Any CPU
		{951F8287-15F8-445D-842B-88AD1C86AB9B}.Debug|x64.Build.0 = Debug|Any CPU
		{951F8287-15F8-445D-842B-88AD1C86AB9B}.Debug|x86.ActiveCfg = Debug|Any CPU
		{951F8287-15F8-445D-842B-88AD1C86AB9B}.Debug|x86.Build.0 = Debug|Any CPU
		{951F8287-15F8-445D-842B-88AD1C86AB9B}.Release|Any CPU.ActiveCfg = Release|Any CPU
		{951F8287-15F8-445D-842B-88AD1C86AB9B}.Release|Any CPU.Build.0 = Release|Any CPU
		{951F8287-15F8-445D-842B-88AD1C86AB9B}.Release|x64.ActiveCfg = Release|Any CPU
		{951F8287-15F8-445D-842B-88AD1C86AB9B}.Release|x64.Build.0 = Release|Any CPU
		{951F8287-15F8-445D-842B-88AD1C86AB9B}.Release|x86.ActiveCfg = Release|Any CPU
		{951F8287-15F8-445D-842B-88AD1C86AB9B}.Release|x86.Build.0 = Release|Any CPU
		{587217F8-2386-48BE-A6CA-A28BBDC1BDD0}.Debug|Any CPU.ActiveCfg = Debug|Any CPU
		{587217F8-2386-48BE-A6CA-A28BBDC1BDD0}.Debug|Any CPU.Build.0 = Debug|Any CPU
		{587217F8-2386-48BE-A6CA-A28BBDC1BDD0}.Debug|x64.ActiveCfg = Debug|Any CPU
		{587217F8-2386-48BE-A6CA-A28BBDC1BDD0}.Debug|x64.Build.0 = Debug|Any CPU
		{587217F8-2386-48BE-A6CA-A28BBDC1BDD0}.Debug|x86.ActiveCfg = Debug|Any CPU
		{587217F8-2386-48BE-A6CA-A28BBDC1BDD0}.Debug|x86.Build.0 = Debug|Any CPU
		{587217F8-2386-48BE-A6CA-A28BBDC1BDD0}.Release|Any CPU.ActiveCfg = Release|Any CPU
		{587217F8-2386-48BE-A6CA-A28BBDC1BDD0}.Release|Any CPU.Build.0 = Release|Any CPU
		{587217F8-2386-48BE-A6CA-A28BBDC1BDD0}.Release|x64.ActiveCfg = Release|Any CPU
		{587217F8-2386-48BE-A6CA-A28BBDC1BDD0}.Release|x64.Build.0 = Release|Any CPU
		{587217F8-2386-48BE-A6CA-A28BBDC1BDD0}.Release|x86.ActiveCfg = Release|Any CPU
		{587217F8-2386-48BE-A6CA-A28BBDC1BDD0}.Release|x86.Build.0 = Release|Any CPU
		{8F328DB0-F709-4359-906A-C14245FBF129}.Debug|Any CPU.ActiveCfg = Debug|Any CPU
		{8F328DB0-F709-4359-906A-C14245FBF129}.Debug|Any CPU.Build.0 = Debug|Any CPU
		{8F328DB0-F709-4359-906A-C14245FBF129}.Debug|x64.ActiveCfg = Debug|Any CPU
		{8F328DB0-F709-4359-906A-C14245FBF129}.Debug|x64.Build.0 = Debug|Any CPU
		{8F328DB0-F709-4359-906A-C14245FBF129}.Debug|x86.ActiveCfg = Debug|Any CPU
		{8F328DB0-F709-4359-906A-C14245FBF129}.Debug|x86.Build.0 = Debug|Any CPU
		{8F328DB0-F709-4359-906A-C14245FBF129}.Release|Any CPU.ActiveCfg = Release|Any CPU
		{8F328DB0-F709-4359-906A-C14245FBF129}.Release|Any CPU.Build.0 = Release|Any CPU
		{8F328DB0-F709-4359-906A-C14245FBF129}.Release|x64.ActiveCfg = Release|Any CPU
		{8F328DB0-F709-4359-906A-C14245FBF129}.Release|x64.Build.0 = Release|Any CPU
		{8F328DB0-F709-4359-906A-C14245FBF129}.Release|x86.ActiveCfg = Release|Any CPU
		{8F328DB0-F709-4359-906A-C14245FBF129}.Release|x86.Build.0 = Release|Any CPU
		{54E6C382-9071-43F9-81B5-66CA882CA691}.Debug|Any CPU.ActiveCfg = Debug|Any CPU
		{54E6C382-9071-43F9-81B5-66CA882CA691}.Debug|Any CPU.Build.0 = Debug|Any CPU
		{54E6C382-9071-43F9-81B5-66CA882CA691}.Debug|x64.ActiveCfg = Debug|Any CPU
		{54E6C382-9071-43F9-81B5-66CA882CA691}.Debug|x64.Build.0 = Debug|Any CPU
		{54E6C382-9071-43F9-81B5-66CA882CA691}.Debug|x86.ActiveCfg = Debug|Any CPU
		{54E6C382-9071-43F9-81B5-66CA882CA691}.Debug|x86.Build.0 = Debug|Any CPU
		{54E6C382-9071-43F9-81B5-66CA882CA691}.Release|Any CPU.ActiveCfg = Release|Any CPU
		{54E6C382-9071-43F9-81B5-66CA882CA691}.Release|Any CPU.Build.0 = Release|Any CPU
		{54E6C382-9071-43F9-81B5-66CA882CA691}.Release|x64.ActiveCfg = Release|Any CPU
		{54E6C382-9071-43F9-81B5-66CA882CA691}.Release|x64.Build.0 = Release|Any CPU
		{54E6C382-9071-43F9-81B5-66CA882CA691}.Release|x86.ActiveCfg = Release|Any CPU
		{54E6C382-9071-43F9-81B5-66CA882CA691}.Release|x86.Build.0 = Release|Any CPU
	EndGlobalSection
	GlobalSection(SolutionProperties) = preSolution
		HideSolutionNode = FALSE
	EndGlobalSection
	GlobalSection(NestedProjects) = preSolution
		{B5512AA7-7B9B-1802-74DB-5DED17EB80F5} = {827E0CD3-B72D-47B6-A68D-7590B98EB39B}
		{ED910CFC-493F-496C-892F-F84E2F95141F} = {B5512AA7-7B9B-1802-74DB-5DED17EB80F5}
		{81F37F31-1BC9-4038-A884-59D7E0267DA3} = {B5512AA7-7B9B-1802-74DB-5DED17EB80F5}
		{F2EA5837-2BBE-435B-BB9B-6D263ED1C34D} = {B5512AA7-7B9B-1802-74DB-5DED17EB80F5}
		{63569F1A-82E1-4F7A-AF3B-E7A4DE87B1B3} = {B5512AA7-7B9B-1802-74DB-5DED17EB80F5}
		{BDCCD70D-A551-47E1-905A-FF8A1D44DAF9} = {B5512AA7-7B9B-1802-74DB-5DED17EB80F5}
		{0AC4C5BC-432D-4315-8EBA-5F528D0040AC} = {B5512AA7-7B9B-1802-74DB-5DED17EB80F5}
		{5FC1494C-0D8C-79D1-FFF2-37E95F57AB9F} = {827E0CD3-B72D-47B6-A68D-7590B98EB39B}
		{951F8287-15F8-445D-842B-88AD1C86AB9B} = {5FC1494C-0D8C-79D1-FFF2-37E95F57AB9F}
		{587217F8-2386-48BE-A6CA-A28BBDC1BDD0} = {0AB3BF05-4346-4AA6-1389-037BE0695223}
		{8F328DB0-F709-4359-906A-C14245FBF129} = {0AB3BF05-4346-4AA6-1389-037BE0695223}
		{54E6C382-9071-43F9-81B5-66CA882CA691} = {0AB3BF05-4346-4AA6-1389-037BE0695223}
		{58A5B24B-8FB4-5A6E-5EF4-1E3E19F29B1B} = {827E0CD3-B72D-47B6-A68D-7590B98EB39B}
	EndGlobalSection
EndGlobal
